{
  "name": "chrome",
  "version": "1.0.0",
  "lockfileVersion": 1,
  "requires": true,
  "dependencies": {
    "fireview": {
      "version": "0.0.8",
      "resolved": "https://registry.npmjs.org/fireview/-/fireview-0.0.8.tgz",
      "integrity": "sha512-fcvM11hJKo8ZHFgXtQdhyAZorbSmIAjbMzTK34fCsOt6wQ0NT6GKNC9ekjflV+Sq5NPgh5tW3mk0RjkMOPUikA==",
      "requires": {
        "operon": "0.0.1"
      }
    },
    "mark.js": {
      "version": "8.11.1",
      "resolved": "https://registry.npmjs.org/mark.js/-/mark.js-8.11.1.tgz",
      "integrity": "sha1-GA8fnr74sOY45BZq1S24eb6y/8U="
    },
    "operon": {
      "version": "0.0.1",
      "resolved": "https://registry.npmjs.org/operon/-/operon-0.0.1.tgz",
      "integrity": "sha512-rM1PkgY17JNu/r8nM6slkx2is1Nh0iBRCuZpTZrBdAl5hrCF1QBLsE7UjKpwy9Kn7TgNvbFEcAKfuBXT8vHVGQ=="
    },
    "unique-selector": {
      "version": "0.3.6",
      "resolved": "https://registry.npmjs.org/unique-selector/-/unique-selector-0.3.6.tgz",
      "integrity": "sha1-IeDJgqvNeUan7EN4+RzOrHRWVl4="
    }
  }
}
