{
  "name": "chrome",
  "version": "1.0.0",
  "lockfileVersion": 1,
  "requires": true,
  "dependencies": {
    "mark.js": {
      "version": "8.11.1",
      "resolved": "https://registry.npmjs.org/mark.js/-/mark.js-8.11.1.tgz",
      "integrity": "sha1-GA8fnr74sOY45BZq1S24eb6y/8U="
    },
    "unique-selector": {
      "version": "0.3.6",
      "resolved": "https://registry.npmjs.org/unique-selector/-/unique-selector-0.3.6.tgz",
      "integrity": "sha1-IeDJgqvNeUan7EN4+RzOrHRWVl4="
    }
  }
}
